// !$*UTF8*$!
{
	archiveVersion = 1;
	classes = {
	};
	objectVersion = 46;
	objects = {

/* Begin PBXAggregateTarget section */
		6387788F1AD6F6CE00364D6E /* LaunchKeySDKFramework */ = {
			isa = PBXAggregateTarget;
			buildConfigurationList = 638778901AD6F6CE00364D6E /* Build configuration list for PBXAggregateTarget "LaunchKeySDKFramework" */;
			buildPhases = (
				638778951AD6F6EC00364D6E /* MultiPlatform Build */,
			);
			dependencies = (
				638778941AD6F6DF00364D6E /* PBXTargetDependency */,
			);
			name = LaunchKeySDKFramework;
			productName = LaunchKeySDKFramework;
		};
/* End PBXAggregateTarget section */

/* Begin PBXBuildFile section */
		3F7C593B1B8DCD55005E8BDC /* LaunchKeySDK.h in Headers */ = {isa = PBXBuildFile; fileRef = 3F7C593A1B8DCD55005E8BDC /* LaunchKeySDK.h */; settings = {ATTRIBUTES = (Public, ); }; };
		3FC230851B8DDB9100E2E6F3 /* LKAuthenticationManager.h in Headers */ = {isa = PBXBuildFile; fileRef = 6387788A1AD6EF6100364D6E /* LKAuthenticationManager.h */; settings = {ATTRIBUTES = (Public, ); }; };
		3FC230861B8DDBD600E2E6F3 /* LKSDKCrypto.h in Headers */ = {isa = PBXBuildFile; fileRef = 638778821AD6E44400364D6E /* LKSDKCrypto.h */; };
		3FC230871B8DDBD600E2E6F3 /* LKSDKAPIClient.h in Headers */ = {isa = PBXBuildFile; fileRef = 6387787E1AD6E42100364D6E /* LKSDKAPIClient.h */; };
		3FC230881B8DDBD600E2E6F3 /* LKSDKHTTPClient.h in Headers */ = {isa = PBXBuildFile; fileRef = 638778701AD6E3F800364D6E /* LKSDKHTTPClient.h */; };
		3FC230891B8DDBD600E2E6F3 /* LKSDKHTTPRequestOperation.h in Headers */ = {isa = PBXBuildFile; fileRef = 638778721AD6E3F800364D6E /* LKSDKHTTPRequestOperation.h */; };
		3FC2308A1B8DDBD600E2E6F3 /* LKSDKJSONRequestOperation.h in Headers */ = {isa = PBXBuildFile; fileRef = 638778741AD6E3F800364D6E /* LKSDKJSONRequestOperation.h */; };
		3FC2308B1B8DDBD600E2E6F3 /* LKSDKURLConnectionOperation.h in Headers */ = {isa = PBXBuildFile; fileRef = 638778771AD6E3F800364D6E /* LKSDKURLConnectionOperation.h */; };
		3FC2308C1B8DDBE200E2E6F3 /* NSData+LKAES256.h in Headers */ = {isa = PBXBuildFile; fileRef = 633808301ADC6C8500E13A1B /* NSData+LKAES256.h */; };
		3FC2308D1B8DDBEE00E2E6F3 /* NSData+LKBase64.h in Headers */ = {isa = PBXBuildFile; fileRef = 638778841AD6E44400364D6E /* NSData+LKBase64.h */; };
		3FC2308E1B8DDBF700E2E6F3 /* LKNetworking.h in Headers */ = {isa = PBXBuildFile; fileRef = 638778761AD6E3F800364D6E /* LKNetworking.h */; };
		3FC2308F1B8DDC1800E2E6F3 /* NSData+LKAES256.m in Sources */ = {isa = PBXBuildFile; fileRef = 633808311ADC6C8500E13A1B /* NSData+LKAES256.m */; };
		3FC230901B8DDC1800E2E6F3 /* LKSDKCrypto.m in Sources */ = {isa = PBXBuildFile; fileRef = 638778831AD6E44400364D6E /* LKSDKCrypto.m */; };
		3FC230911B8DDC1800E2E6F3 /* NSData+LKBase64.m in Sources */ = {isa = PBXBuildFile; fileRef = 638778851AD6E44400364D6E /* NSData+LKBase64.m */; };
		3FC230921B8DDC1800E2E6F3 /* LKSDKAPIClient.m in Sources */ = {isa = PBXBuildFile; fileRef = 6387787F1AD6E42100364D6E /* LKSDKAPIClient.m */; };
		3FC230931B8DDC1800E2E6F3 /* LKSDKHTTPClient.m in Sources */ = {isa = PBXBuildFile; fileRef = 638778711AD6E3F800364D6E /* LKSDKHTTPClient.m */; };
		3FC230941B8DDC1800E2E6F3 /* LKSDKHTTPRequestOperation.m in Sources */ = {isa = PBXBuildFile; fileRef = 638778731AD6E3F800364D6E /* LKSDKHTTPRequestOperation.m */; };
		3FC230951B8DDC1800E2E6F3 /* LKSDKJSONRequestOperation.m in Sources */ = {isa = PBXBuildFile; fileRef = 638778751AD6E3F800364D6E /* LKSDKJSONRequestOperation.m */; };
		3FC230961B8DDC1800E2E6F3 /* LKSDKURLConnectionOperation.m in Sources */ = {isa = PBXBuildFile; fileRef = 638778781AD6E3F800364D6E /* LKSDKURLConnectionOperation.m */; };
		3FC230971B8DDC1800E2E6F3 /* LKAuthenticationManager.m in Sources */ = {isa = PBXBuildFile; fileRef = 6387788B1AD6EF6100364D6E /* LKAuthenticationManager.m */; };
		633808321ADC6C8500E13A1B /* NSData+LKAES256.h in Headers */ = {isa = PBXBuildFile; fileRef = 633808301ADC6C8500E13A1B /* NSData+LKAES256.h */; };
		633808331ADC6C8500E13A1B /* NSData+LKAES256.m in Sources */ = {isa = PBXBuildFile; fileRef = 633808311ADC6C8500E13A1B /* NSData+LKAES256.m */; };
		638778571AD6E31F00364D6E /* LaunchKeySDK.h in CopyFiles */ = {isa = PBXBuildFile; fileRef = 638778561AD6E31F00364D6E /* LaunchKeySDK.h */; };
		6387785F1AD6E31F00364D6E /* libLaunchKeySDK_.a in Frameworks */ = {isa = PBXBuildFile; fileRef = 638778531AD6E31F00364D6E /* libLaunchKeySDK_.a */; };
		6387786E1AD6E38D00364D6E /* Security.framework in Frameworks */ = {isa = PBXBuildFile; fileRef = 6387786D1AD6E38D00364D6E /* Security.framework */; };
		638778791AD6E3F800364D6E /* LKSDKHTTPClient.m in Sources */ = {isa = PBXBuildFile; fileRef = 638778711AD6E3F800364D6E /* LKSDKHTTPClient.m */; };
		6387787A1AD6E3F800364D6E /* LKSDKHTTPRequestOperation.m in Sources */ = {isa = PBXBuildFile; fileRef = 638778731AD6E3F800364D6E /* LKSDKHTTPRequestOperation.m */; };
		6387787B1AD6E3F800364D6E /* LKSDKJSONRequestOperation.m in Sources */ = {isa = PBXBuildFile; fileRef = 638778751AD6E3F800364D6E /* LKSDKJSONRequestOperation.m */; };
		6387787C1AD6E3F800364D6E /* LKSDKURLConnectionOperation.m in Sources */ = {isa = PBXBuildFile; fileRef = 638778781AD6E3F800364D6E /* LKSDKURLConnectionOperation.m */; };
		638778801AD6E42100364D6E /* LKSDKAPIClient.m in Sources */ = {isa = PBXBuildFile; fileRef = 6387787F1AD6E42100364D6E /* LKSDKAPIClient.m */; };
		638778861AD6E44400364D6E /* LKSDKCrypto.m in Sources */ = {isa = PBXBuildFile; fileRef = 638778831AD6E44400364D6E /* LKSDKCrypto.m */; };
		638778871AD6E44400364D6E /* NSData+LKBase64.m in Sources */ = {isa = PBXBuildFile; fileRef = 638778851AD6E44400364D6E /* NSData+LKBase64.m */; };
		638778881AD6E55C00364D6E /* Security.framework in Frameworks */ = {isa = PBXBuildFile; fileRef = 6387786D1AD6E38D00364D6E /* Security.framework */; };
		6387788C1AD6EF6100364D6E /* LKAuthenticationManager.h in Headers */ = {isa = PBXBuildFile; fileRef = 6387788A1AD6EF6100364D6E /* LKAuthenticationManager.h */; settings = {ATTRIBUTES = (Public, ); }; };
		6387788D1AD6EF6100364D6E /* LKAuthenticationManager.m in Sources */ = {isa = PBXBuildFile; fileRef = 6387788B1AD6EF6100364D6E /* LKAuthenticationManager.m */; };
		638778981AD6F9CC00364D6E /* LKSDKCrypto.h in Headers */ = {isa = PBXBuildFile; fileRef = 638778821AD6E44400364D6E /* LKSDKCrypto.h */; };
		638778991AD6F9CC00364D6E /* NSData+LKBase64.h in Headers */ = {isa = PBXBuildFile; fileRef = 638778841AD6E44400364D6E /* NSData+LKBase64.h */; };
		6387789A1AD6F9CC00364D6E /* LKSDKAPIClient.h in Headers */ = {isa = PBXBuildFile; fileRef = 6387787E1AD6E42100364D6E /* LKSDKAPIClient.h */; };
		6387789B1AD6F9CC00364D6E /* LKSDKHTTPClient.h in Headers */ = {isa = PBXBuildFile; fileRef = 638778701AD6E3F800364D6E /* LKSDKHTTPClient.h */; };
		6387789C1AD6F9CC00364D6E /* LKSDKHTTPRequestOperation.h in Headers */ = {isa = PBXBuildFile; fileRef = 638778721AD6E3F800364D6E /* LKSDKHTTPRequestOperation.h */; };
		6387789D1AD6F9CC00364D6E /* LKSDKJSONRequestOperation.h in Headers */ = {isa = PBXBuildFile; fileRef = 638778741AD6E3F800364D6E /* LKSDKJSONRequestOperation.h */; };
		6387789E1AD6F9CC00364D6E /* LKNetworking.h in Headers */ = {isa = PBXBuildFile; fileRef = 638778761AD6E3F800364D6E /* LKNetworking.h */; };
		6387789F1AD6F9CC00364D6E /* LKSDKURLConnectionOperation.h in Headers */ = {isa = PBXBuildFile; fileRef = 638778771AD6E3F800364D6E /* LKSDKURLConnectionOperation.h */; };
		638778A11AD700FE00364D6E /* Foundation.framework in Frameworks */ = {isa = PBXBuildFile; fileRef = 638778A01AD700FE00364D6E /* Foundation.framework */; };
		638778A31AD7011300364D6E /* UIKit.framework in Frameworks */ = {isa = PBXBuildFile; fileRef = 638778A21AD7011300364D6E /* UIKit.framework */; };
/* End PBXBuildFile section */

/* Begin PBXContainerItemProxy section */
		638778601AD6E31F00364D6E /* PBXContainerItemProxy */ = {
			isa = PBXContainerItemProxy;
			containerPortal = 6387784B1AD6E31F00364D6E /* Project object */;
			proxyType = 1;
			remoteGlobalIDString = 638778521AD6E31F00364D6E;
			remoteInfo = LaunchKeySDK;
		};
		638778931AD6F6DF00364D6E /* PBXContainerItemProxy */ = {
			isa = PBXContainerItemProxy;
			containerPortal = 6387784B1AD6E31F00364D6E /* Project object */;
			proxyType = 1;
			remoteGlobalIDString = 638778521AD6E31F00364D6E;
			remoteInfo = LaunchKeySDK;
		};
/* End PBXContainerItemProxy section */

/* Begin PBXCopyFilesBuildPhase section */
		638778511AD6E31F00364D6E /* CopyFiles */ = {
			isa = PBXCopyFilesBuildPhase;
			buildActionMask = 2147483647;
			dstPath = "include/$(PRODUCT_NAME)";
			dstSubfolderSpec = 16;
			files = (
				638778571AD6E31F00364D6E /* LaunchKeySDK.h in CopyFiles */,
			);
			runOnlyForDeploymentPostprocessing = 0;
		};
/* End PBXCopyFilesBuildPhase section */

/* Begin PBXFileReference section */
		3F7C59381B8DCD55005E8BDC /* LaunchKeySDK.framework */ = {isa = PBXFileReference; explicitFileType = wrapper.framework; includeInIndex = 0; path = LaunchKeySDK.framework; sourceTree = BUILT_PRODUCTS_DIR; };
		3F7C593A1B8DCD55005E8BDC /* LaunchKeySDK.h */ = {isa = PBXFileReference; lastKnownFileType = sourcecode.c.h; path = LaunchKeySDK.h; sourceTree = "<group>"; };
		3F7C593C1B8DCD55005E8BDC /* Info.plist */ = {isa = PBXFileReference; lastKnownFileType = text.plist.xml; path = Info.plist; sourceTree = "<group>"; };
		633808301ADC6C8500E13A1B /* NSData+LKAES256.h */ = {isa = PBXFileReference; fileEncoding = 4; lastKnownFileType = sourcecode.c.h; name = "NSData+LKAES256.h"; path = "LKCrypto/NSData+LKAES256.h"; sourceTree = "<group>"; };
		633808311ADC6C8500E13A1B /* NSData+LKAES256.m */ = {isa = PBXFileReference; fileEncoding = 4; lastKnownFileType = sourcecode.c.objc; name = "NSData+LKAES256.m"; path = "LKCrypto/NSData+LKAES256.m"; sourceTree = "<group>"; };
		633808341ADC6CB000E13A1B /* CoreData.framework */ = {isa = PBXFileReference; lastKnownFileType = wrapper.framework; name = CoreData.framework; path = System/Library/Frameworks/CoreData.framework; sourceTree = SDKROOT; };
		638778531AD6E31F00364D6E /* libLaunchKeySDK_.a */ = {isa = PBXFileReference; explicitFileType = archive.ar; includeInIndex = 0; path = libLaunchKeySDK_.a; sourceTree = BUILT_PRODUCTS_DIR; };
		638778561AD6E31F00364D6E /* LaunchKeySDK.h */ = {isa = PBXFileReference; lastKnownFileType = sourcecode.c.h; path = LaunchKeySDK.h; sourceTree = "<group>"; };
		6387785E1AD6E31F00364D6E /* LaunchKeySDKTests.xctest */ = {isa = PBXFileReference; explicitFileType = wrapper.cfbundle; includeInIndex = 0; path = LaunchKeySDKTests.xctest; sourceTree = BUILT_PRODUCTS_DIR; };
		638778641AD6E31F00364D6E /* Info.plist */ = {isa = PBXFileReference; lastKnownFileType = text.plist.xml; path = Info.plist; sourceTree = "<group>"; };
		6387786D1AD6E38D00364D6E /* Security.framework */ = {isa = PBXFileReference; lastKnownFileType = wrapper.framework; name = Security.framework; path = System/Library/Frameworks/Security.framework; sourceTree = SDKROOT; };
		638778701AD6E3F800364D6E /* LKSDKHTTPClient.h */ = {isa = PBXFileReference; fileEncoding = 4; lastKnownFileType = sourcecode.c.h; name = LKSDKHTTPClient.h; path = LKNetworking/LKSDKHTTPClient.h; sourceTree = "<group>"; };
		638778711AD6E3F800364D6E /* LKSDKHTTPClient.m */ = {isa = PBXFileReference; fileEncoding = 4; lastKnownFileType = sourcecode.c.objc; name = LKSDKHTTPClient.m; path = LKNetworking/LKSDKHTTPClient.m; sourceTree = "<group>"; };
		638778721AD6E3F800364D6E /* LKSDKHTTPRequestOperation.h */ = {isa = PBXFileReference; fileEncoding = 4; lastKnownFileType = sourcecode.c.h; name = LKSDKHTTPRequestOperation.h; path = LKNetworking/LKSDKHTTPRequestOperation.h; sourceTree = "<group>"; };
		638778731AD6E3F800364D6E /* LKSDKHTTPRequestOperation.m */ = {isa = PBXFileReference; fileEncoding = 4; lastKnownFileType = sourcecode.c.objc; name = LKSDKHTTPRequestOperation.m; path = LKNetworking/LKSDKHTTPRequestOperation.m; sourceTree = "<group>"; };
		638778741AD6E3F800364D6E /* LKSDKJSONRequestOperation.h */ = {isa = PBXFileReference; fileEncoding = 4; lastKnownFileType = sourcecode.c.h; name = LKSDKJSONRequestOperation.h; path = LKNetworking/LKSDKJSONRequestOperation.h; sourceTree = "<group>"; };
		638778751AD6E3F800364D6E /* LKSDKJSONRequestOperation.m */ = {isa = PBXFileReference; fileEncoding = 4; lastKnownFileType = sourcecode.c.objc; name = LKSDKJSONRequestOperation.m; path = LKNetworking/LKSDKJSONRequestOperation.m; sourceTree = "<group>"; };
		638778761AD6E3F800364D6E /* LKNetworking.h */ = {isa = PBXFileReference; fileEncoding = 4; lastKnownFileType = sourcecode.c.h; name = LKNetworking.h; path = LKNetworking/LKNetworking.h; sourceTree = "<group>"; };
		638778771AD6E3F800364D6E /* LKSDKURLConnectionOperation.h */ = {isa = PBXFileReference; fileEncoding = 4; lastKnownFileType = sourcecode.c.h; name = LKSDKURLConnectionOperation.h; path = LKNetworking/LKSDKURLConnectionOperation.h; sourceTree = "<group>"; };
		638778781AD6E3F800364D6E /* LKSDKURLConnectionOperation.m */ = {isa = PBXFileReference; fileEncoding = 4; lastKnownFileType = sourcecode.c.objc; name = LKSDKURLConnectionOperation.m; path = LKNetworking/LKSDKURLConnectionOperation.m; sourceTree = "<group>"; };
		6387787E1AD6E42100364D6E /* LKSDKAPIClient.h */ = {isa = PBXFileReference; fileEncoding = 4; lastKnownFileType = sourcecode.c.h; name = LKSDKAPIClient.h; path = LKAPIClient/LKSDKAPIClient.h; sourceTree = "<group>"; };
		6387787F1AD6E42100364D6E /* LKSDKAPIClient.m */ = {isa = PBXFileReference; fileEncoding = 4; lastKnownFileType = sourcecode.c.objc; name = LKSDKAPIClient.m; path = LKAPIClient/LKSDKAPIClient.m; sourceTree = "<group>"; };
		638778821AD6E44400364D6E /* LKSDKCrypto.h */ = {isa = PBXFileReference; fileEncoding = 4; lastKnownFileType = sourcecode.c.h; name = LKSDKCrypto.h; path = LKCrypto/LKSDKCrypto.h; sourceTree = "<group>"; };
		638778831AD6E44400364D6E /* LKSDKCrypto.m */ = {isa = PBXFileReference; fileEncoding = 4; lastKnownFileType = sourcecode.c.objc; name = LKSDKCrypto.m; path = LKCrypto/LKSDKCrypto.m; sourceTree = "<group>"; };
		638778841AD6E44400364D6E /* NSData+LKBase64.h */ = {isa = PBXFileReference; fileEncoding = 4; lastKnownFileType = sourcecode.c.h; name = "NSData+LKBase64.h"; path = "LKCrypto/NSData+LKBase64.h"; sourceTree = "<group>"; };
		638778851AD6E44400364D6E /* NSData+LKBase64.m */ = {isa = PBXFileReference; fileEncoding = 4; lastKnownFileType = sourcecode.c.objc; name = "NSData+LKBase64.m"; path = "LKCrypto/NSData+LKBase64.m"; sourceTree = "<group>"; };
		6387788A1AD6EF6100364D6E /* LKAuthenticationManager.h */ = {isa = PBXFileReference; fileEncoding = 4; lastKnownFileType = sourcecode.c.h; path = LKAuthenticationManager.h; sourceTree = "<group>"; };
		6387788B1AD6EF6100364D6E /* LKAuthenticationManager.m */ = {isa = PBXFileReference; fileEncoding = 4; lastKnownFileType = sourcecode.c.objc; path = LKAuthenticationManager.m; sourceTree = "<group>"; };
		638778A01AD700FE00364D6E /* Foundation.framework */ = {isa = PBXFileReference; lastKnownFileType = wrapper.framework; name = Foundation.framework; path = System/Library/Frameworks/Foundation.framework; sourceTree = SDKROOT; };
		638778A21AD7011300364D6E /* UIKit.framework */ = {isa = PBXFileReference; lastKnownFileType = wrapper.framework; name = UIKit.framework; path = System/Library/Frameworks/UIKit.framework; sourceTree = SDKROOT; };
/* End PBXFileReference section */

/* Begin PBXFrameworksBuildPhase section */
		3F7C59341B8DCD55005E8BDC /* Frameworks */ = {
			isa = PBXFrameworksBuildPhase;
			buildActionMask = 2147483647;
			files = (
			);
			runOnlyForDeploymentPostprocessing = 0;
		};
		638778501AD6E31F00364D6E /* Frameworks */ = {
			isa = PBXFrameworksBuildPhase;
			buildActionMask = 2147483647;
			files = (
				638778A31AD7011300364D6E /* UIKit.framework in Frameworks */,
				638778A11AD700FE00364D6E /* Foundation.framework in Frameworks */,
				6387786E1AD6E38D00364D6E /* Security.framework in Frameworks */,
			);
			runOnlyForDeploymentPostprocessing = 0;
		};
		6387785B1AD6E31F00364D6E /* Frameworks */ = {
			isa = PBXFrameworksBuildPhase;
			buildActionMask = 2147483647;
			files = (
				638778881AD6E55C00364D6E /* Security.framework in Frameworks */,
				6387785F1AD6E31F00364D6E /* libLaunchKeySDK_.a in Frameworks */,
			);
			runOnlyForDeploymentPostprocessing = 0;
		};
/* End PBXFrameworksBuildPhase section */

/* Begin PBXGroup section */
		3F7C59391B8DCD55005E8BDC /* LaunchKeySDK */ = {
			isa = PBXGroup;
			children = (
				3F7C593A1B8DCD55005E8BDC /* LaunchKeySDK.h */,
				3F7C593C1B8DCD55005E8BDC /* Info.plist */,
			);
			path = LaunchKeySDK;
			sourceTree = "<group>";
		};
		6387784A1AD6E31F00364D6E = {
			isa = PBXGroup;
			children = (
				633808341ADC6CB000E13A1B /* CoreData.framework */,
				638778A21AD7011300364D6E /* UIKit.framework */,
				638778A01AD700FE00364D6E /* Foundation.framework */,
				6387786D1AD6E38D00364D6E /* Security.framework */,
				638778551AD6E31F00364D6E /* LaunchKeySDK */,
				638778621AD6E31F00364D6E /* LaunchKeySDKTests */,
				3F7C59391B8DCD55005E8BDC /* LaunchKeySDK */,
				638778541AD6E31F00364D6E /* Products */,
			);
			sourceTree = "<group>";
		};
		638778541AD6E31F00364D6E /* Products */ = {
			isa = PBXGroup;
			children = (
				638778531AD6E31F00364D6E /* libLaunchKeySDK_.a */,
				6387785E1AD6E31F00364D6E /* LaunchKeySDKTests.xctest */,
				3F7C59381B8DCD55005E8BDC /* LaunchKeySDK.framework */,
			);
			name = Products;
			sourceTree = "<group>";
		};
		638778551AD6E31F00364D6E /* LaunchKeySDK */ = {
			isa = PBXGroup;
			children = (
				638778811AD6E42600364D6E /* LKCrypto */,
				6387787D1AD6E3FD00364D6E /* LKAPIClient */,
				6387786F1AD6E3E500364D6E /* LKNetworking */,
				6387788A1AD6EF6100364D6E /* LKAuthenticationManager.h */,
				6387788B1AD6EF6100364D6E /* LKAuthenticationManager.m */,
				638778561AD6E31F00364D6E /* LaunchKeySDK.h */,
			);
			path = LaunchKeySDK;
			sourceTree = "<group>";
		};
		638778621AD6E31F00364D6E /* LaunchKeySDKTests */ = {
			isa = PBXGroup;
			children = (
				638778631AD6E31F00364D6E /* Supporting Files */,
			);
			path = LaunchKeySDKTests;
			sourceTree = "<group>";
		};
		638778631AD6E31F00364D6E /* Supporting Files */ = {
			isa = PBXGroup;
			children = (
				638778641AD6E31F00364D6E /* Info.plist */,
			);
			name = "Supporting Files";
			sourceTree = "<group>";
		};
		6387786F1AD6E3E500364D6E /* LKNetworking */ = {
			isa = PBXGroup;
			children = (
				638778701AD6E3F800364D6E /* LKSDKHTTPClient.h */,
				638778711AD6E3F800364D6E /* LKSDKHTTPClient.m */,
				638778721AD6E3F800364D6E /* LKSDKHTTPRequestOperation.h */,
				638778731AD6E3F800364D6E /* LKSDKHTTPRequestOperation.m */,
				638778741AD6E3F800364D6E /* LKSDKJSONRequestOperation.h */,
				638778751AD6E3F800364D6E /* LKSDKJSONRequestOperation.m */,
				638778761AD6E3F800364D6E /* LKNetworking.h */,
				638778771AD6E3F800364D6E /* LKSDKURLConnectionOperation.h */,
				638778781AD6E3F800364D6E /* LKSDKURLConnectionOperation.m */,
			);
			name = LKNetworking;
			sourceTree = "<group>";
		};
		6387787D1AD6E3FD00364D6E /* LKAPIClient */ = {
			isa = PBXGroup;
			children = (
				6387787E1AD6E42100364D6E /* LKSDKAPIClient.h */,
				6387787F1AD6E42100364D6E /* LKSDKAPIClient.m */,
			);
			name = LKAPIClient;
			sourceTree = "<group>";
		};
		638778811AD6E42600364D6E /* LKCrypto */ = {
			isa = PBXGroup;
			children = (
				633808301ADC6C8500E13A1B /* NSData+LKAES256.h */,
				633808311ADC6C8500E13A1B /* NSData+LKAES256.m */,
				638778821AD6E44400364D6E /* LKSDKCrypto.h */,
				638778831AD6E44400364D6E /* LKSDKCrypto.m */,
				638778841AD6E44400364D6E /* NSData+LKBase64.h */,
				638778851AD6E44400364D6E /* NSData+LKBase64.m */,
			);
			name = LKCrypto;
			sourceTree = "<group>";
		};
/* End PBXGroup section */

/* Begin PBXHeadersBuildPhase section */
		3F7C59351B8DCD55005E8BDC /* Headers */ = {
			isa = PBXHeadersBuildPhase;
			buildActionMask = 2147483647;
			files = (
				3F7C593B1B8DCD55005E8BDC /* LaunchKeySDK.h in Headers */,
				3FC230851B8DDB9100E2E6F3 /* LKAuthenticationManager.h in Headers */,
				3FC2308E1B8DDBF700E2E6F3 /* LKNetworking.h in Headers */,
				3FC2308D1B8DDBEE00E2E6F3 /* NSData+LKBase64.h in Headers */,
				3FC2308C1B8DDBE200E2E6F3 /* NSData+LKAES256.h in Headers */,
				3FC230861B8DDBD600E2E6F3 /* LKSDKCrypto.h in Headers */,
				3FC230871B8DDBD600E2E6F3 /* LKSDKAPIClient.h in Headers */,
				3FC230881B8DDBD600E2E6F3 /* LKSDKHTTPClient.h in Headers */,
				3FC230891B8DDBD600E2E6F3 /* LKSDKHTTPRequestOperation.h in Headers */,
				3FC2308A1B8DDBD600E2E6F3 /* LKSDKJSONRequestOperation.h in Headers */,
				3FC2308B1B8DDBD600E2E6F3 /* LKSDKURLConnectionOperation.h in Headers */,
			);
			runOnlyForDeploymentPostprocessing = 0;
		};
		638778891AD6EF3F00364D6E /* Headers */ = {
			isa = PBXHeadersBuildPhase;
			buildActionMask = 2147483647;
			files = (
				6387788C1AD6EF6100364D6E /* LKAuthenticationManager.h in Headers */,
				633808321ADC6C8500E13A1B /* NSData+LKAES256.h in Headers */,
				638778981AD6F9CC00364D6E /* LKSDKCrypto.h in Headers */,
				638778991AD6F9CC00364D6E /* NSData+LKBase64.h in Headers */,
				6387789A1AD6F9CC00364D6E /* LKSDKAPIClient.h in Headers */,
				6387789B1AD6F9CC00364D6E /* LKSDKHTTPClient.h in Headers */,
				6387789C1AD6F9CC00364D6E /* LKSDKHTTPRequestOperation.h in Headers */,
				6387789D1AD6F9CC00364D6E /* LKSDKJSONRequestOperation.h in Headers */,
				6387789E1AD6F9CC00364D6E /* LKNetworking.h in Headers */,
				6387789F1AD6F9CC00364D6E /* LKSDKURLConnectionOperation.h in Headers */,
			);
			runOnlyForDeploymentPostprocessing = 0;
		};
/* End PBXHeadersBuildPhase section */

/* Begin PBXNativeTarget section */
		3F7C59371B8DCD55005E8BDC /* LaunchKeySDK */ = {
			isa = PBXNativeTarget;
			buildConfigurationList = 3F7C593D1B8DCD55005E8BDC /* Build configuration list for PBXNativeTarget "LaunchKeySDK" */;
			buildPhases = (
				3F7C59331B8DCD55005E8BDC /* Sources */,
				3F7C59341B8DCD55005E8BDC /* Frameworks */,
				3F7C59351B8DCD55005E8BDC /* Headers */,
				3F7C59361B8DCD55005E8BDC /* Resources */,
			);
			buildRules = (
			);
			dependencies = (
			);
			name = LaunchKeySDK;
			productName = LaunchKeySDK;
			productReference = 3F7C59381B8DCD55005E8BDC /* LaunchKeySDK.framework */;
			productType = "com.apple.product-type.framework";
		};
		638778521AD6E31F00364D6E /* LaunchKeySDK_ */ = {
			isa = PBXNativeTarget;
			buildConfigurationList = 638778671AD6E31F00364D6E /* Build configuration list for PBXNativeTarget "LaunchKeySDK_" */;
			buildPhases = (
				6387784F1AD6E31F00364D6E /* Sources */,
				638778501AD6E31F00364D6E /* Frameworks */,
				638778511AD6E31F00364D6E /* CopyFiles */,
				638778891AD6EF3F00364D6E /* Headers */,
				6387788E1AD6F65200364D6E /* Build Framework */,
			);
			buildRules = (
			);
			dependencies = (
			);
			name = LaunchKeySDK_;
			productName = LaunchKeySDK;
			productReference = 638778531AD6E31F00364D6E /* libLaunchKeySDK_.a */;
			productType = "com.apple.product-type.library.static";
		};
		6387785D1AD6E31F00364D6E /* LaunchKeySDKTests */ = {
			isa = PBXNativeTarget;
			buildConfigurationList = 6387786A1AD6E31F00364D6E /* Build configuration list for PBXNativeTarget "LaunchKeySDKTests" */;
			buildPhases = (
				6387785A1AD6E31F00364D6E /* Sources */,
				6387785B1AD6E31F00364D6E /* Frameworks */,
				6387785C1AD6E31F00364D6E /* Resources */,
			);
			buildRules = (
			);
			dependencies = (
				638778611AD6E31F00364D6E /* PBXTargetDependency */,
			);
			name = LaunchKeySDKTests;
			productName = LaunchKeySDKTests;
			productReference = 6387785E1AD6E31F00364D6E /* LaunchKeySDKTests.xctest */;
			productType = "com.apple.product-type.bundle.unit-test";
		};
/* End PBXNativeTarget section */

/* Begin PBXProject section */
		6387784B1AD6E31F00364D6E /* Project object */ = {
			isa = PBXProject;
			attributes = {
				LastUpgradeCheck = 0620;
				ORGANIZATIONNAME = LaunchKey;
				TargetAttributes = {
					3F7C59371B8DCD55005E8BDC = {
						CreatedOnToolsVersion = 7.0;
					};
					638778521AD6E31F00364D6E = {
						CreatedOnToolsVersion = 6.2;
					};
					6387785D1AD6E31F00364D6E = {
						CreatedOnToolsVersion = 6.2;
					};
					6387788F1AD6F6CE00364D6E = {
						CreatedOnToolsVersion = 6.2;
					};
				};
			};
			buildConfigurationList = 6387784E1AD6E31F00364D6E /* Build configuration list for PBXProject "LaunchKeySDK" */;
			compatibilityVersion = "Xcode 3.2";
			developmentRegion = English;
			hasScannedForEncodings = 0;
			knownRegions = (
				en,
			);
			mainGroup = 6387784A1AD6E31F00364D6E;
			productRefGroup = 638778541AD6E31F00364D6E /* Products */;
			projectDirPath = "";
			projectRoot = "";
			targets = (
				638778521AD6E31F00364D6E /* LaunchKeySDK_ */,
				6387785D1AD6E31F00364D6E /* LaunchKeySDKTests */,
				6387788F1AD6F6CE00364D6E /* LaunchKeySDKFramework */,
				3F7C59371B8DCD55005E8BDC /* LaunchKeySDK */,
			);
		};
/* End PBXProject section */

/* Begin PBXResourcesBuildPhase section */
		3F7C59361B8DCD55005E8BDC /* Resources */ = {
			isa = PBXResourcesBuildPhase;
			buildActionMask = 2147483647;
			files = (
			);
			runOnlyForDeploymentPostprocessing = 0;
		};
		6387785C1AD6E31F00364D6E /* Resources */ = {
			isa = PBXResourcesBuildPhase;
			buildActionMask = 2147483647;
			files = (
			);
			runOnlyForDeploymentPostprocessing = 0;
		};
/* End PBXResourcesBuildPhase section */

/* Begin PBXShellScriptBuildPhase section */
		6387788E1AD6F65200364D6E /* Build Framework */ = {
			isa = PBXShellScriptBuildPhase;
			buildActionMask = 2147483647;
			files = (
			);
			inputPaths = (
			);
			name = "Build Framework";
			outputPaths = (
			);
			runOnlyForDeploymentPostprocessing = 0;
			shellPath = /bin/sh;
			shellScript = "set -e\n\nexport FRAMEWORK_LOCN=\"${BUILT_PRODUCTS_DIR}/${PRODUCT_NAME}.framework\"\n\n# Create the path to the real Headers die\nmkdir -p \"${FRAMEWORK_LOCN}/Versions/A/Headers\"\n\n# Create the required symlinks\n/bin/ln -sfh A \"${FRAMEWORK_LOCN}/Versions/Current\"\n/bin/ln -sfh Versions/Current/Headers \"${FRAMEWORK_LOCN}/Headers\"\n/bin/ln -sfh \"Versions/Current/${PRODUCT_NAME}\" \\\n\"${FRAMEWORK_LOCN}/${PRODUCT_NAME}\"\n\n# Copy the public headers into the framework\n/bin/cp -a \"${TARGET_BUILD_DIR}/${PUBLIC_HEADERS_FOLDER_PATH}/\" \\\n\"${FRAMEWORK_LOCN}/Versions/A/Headers\"";
		};
		638778951AD6F6EC00364D6E /* MultiPlatform Build */ = {
			isa = PBXShellScriptBuildPhase;
			buildActionMask = 2147483647;
			files = (
			);
			inputPaths = (
			);
			name = "MultiPlatform Build";
			outputPaths = (
			);
			runOnlyForDeploymentPostprocessing = 0;
			shellPath = /bin/sh;
			shellScript = "set -e\n\n# If we're already inside this script then die\nif [ -n \"$RW_MULTIPLATFORM_BUILD_IN_PROGRESS\" ]; then\nexit 0\nfi\nexport RW_MULTIPLATFORM_BUILD_IN_PROGRESS=1\n\nRW_FRAMEWORK_NAME=${PROJECT_NAME}\nRW_INPUT_STATIC_LIB=\"lib${PROJECT_NAME}.a\"\nRW_FRAMEWORK_LOCATION=\"${BUILT_PRODUCTS_DIR}/${RW_FRAMEWORK_NAME}.framework\"\n\nfunction build_static_library {\n    # Will rebuild the static library as specified\n    #     build_static_library sdk\n    xcrun xcodebuild -project \"${PROJECT_FILE_PATH}\" \\\n    -target \"${TARGET_NAME}\" \\\n    -configuration \"${CONFIGURATION}\" \\\n    -sdk \"${1}\" \\\n    ONLY_ACTIVE_ARCH=NO \\\n    BUILD_DIR=\"${BUILD_DIR}\" \\\n    OBJROOT=\"${OBJROOT}\" \\\n    BUILD_ROOT=\"${BUILD_ROOT}\" \\\n    SYMROOT=\"${SYMROOT}\" $ACTION\n}\n\nfunction make_fat_library {\n    # Will smash 2 static libs together\n    #     make_fat_library in1 in2 out\n    xcrun lipo -create \"${1}\" \"${2}\" -output \"${3}\"\n}\n\n# 1 - Extract the platform (iphoneos/iphonesimulator) from the SDK name\nif [[ \"$SDK_NAME\" =~ ([A-Za-z]+) ]]; then\nRW_SDK_PLATFORM=${BASH_REMATCH[1]}\nelse\necho \"Could not find platform name from SDK_NAME: $SDK_NAME\"\nexit 1\nfi\n\n# 2 - Extract the version from the SDK\nif [[ \"$SDK_NAME\" =~ ([0-9]+.*$) ]]; then\nRW_SDK_VERSION=${BASH_REMATCH[1]}\nelse\necho \"Could not find sdk version from SDK_NAME: $SDK_NAME\"\nexit 1\nfi\n\n# 3 - Determine the other platform\nif [ \"$RW_SDK_PLATFORM\" == \"iphoneos\" ]; then\nRW_OTHER_PLATFORM=iphonesimulator\nelse\nRW_OTHER_PLATFORM=iphoneos\nfi\n\n# 4 - Find the build directory\nif [[ \"$BUILT_PRODUCTS_DIR\" =~ (.*)$RW_SDK_PLATFORM$ ]]; then\nRW_OTHER_BUILT_PRODUCTS_DIR=\"${BASH_REMATCH[1]}${RW_OTHER_PLATFORM}\"\nelse\necho \"Could not find other platform build directory.\"\nexit 1\nfi\n\n# Build the other platform.\nbuild_static_library \"${RW_OTHER_PLATFORM}${RW_SDK_VERSION}\"\n\n# If we're currently building for iphonesimulator, then need to rebuild\n#   to ensure that we get both i386 and x86_64\nif [ \"$RW_SDK_PLATFORM\" == \"iphonesimulator\" ]; then\nbuild_static_library \"${SDK_NAME}\"\nfi\n\n# Join the 2 static libs into 1 and push into the .framework\nmake_fat_library \"${BUILT_PRODUCTS_DIR}/${RW_INPUT_STATIC_LIB}\" \\\n\"${RW_OTHER_BUILT_PRODUCTS_DIR}/${RW_INPUT_STATIC_LIB}\" \\\n\"${RW_FRAMEWORK_LOCATION}/Versions/A/${RW_FRAMEWORK_NAME}\"\n\n# Ensure that the framework is present in both platform's build directories\ncp -a \"${RW_FRAMEWORK_LOCATION}/Versions/A/${RW_FRAMEWORK_NAME}\" \\\n\"${RW_OTHER_BUILT_PRODUCTS_DIR}/${RW_FRAMEWORK_NAME}.framework/Versions/A/${RW_FRAMEWORK_NAME}\"\n\n# Copy the framework to the user's desktop\nditto \"${RW_FRAMEWORK_LOCATION}\" \"${HOME}/Desktop/${RW_FRAMEWORK_NAME}.framework\"\n";
		};
/* End PBXShellScriptBuildPhase section */

/* Begin PBXSourcesBuildPhase section */
		3F7C59331B8DCD55005E8BDC /* Sources */ = {
			isa = PBXSourcesBuildPhase;
			buildActionMask = 2147483647;
			files = (
				3FC2308F1B8DDC1800E2E6F3 /* NSData+LKAES256.m in Sources */,
				3FC230901B8DDC1800E2E6F3 /* LKSDKCrypto.m in Sources */,
				3FC230911B8DDC1800E2E6F3 /* NSData+LKBase64.m in Sources */,
				3FC230921B8DDC1800E2E6F3 /* LKSDKAPIClient.m in Sources */,
				3FC230931B8DDC1800E2E6F3 /* LKSDKHTTPClient.m in Sources */,
				3FC230941B8DDC1800E2E6F3 /* LKSDKHTTPRequestOperation.m in Sources */,
				3FC230951B8DDC1800E2E6F3 /* LKSDKJSONRequestOperation.m in Sources */,
				3FC230961B8DDC1800E2E6F3 /* LKSDKURLConnectionOperation.m in Sources */,
				3FC230971B8DDC1800E2E6F3 /* LKAuthenticationManager.m in Sources */,
			);
			runOnlyForDeploymentPostprocessing = 0;
		};
		6387784F1AD6E31F00364D6E /* Sources */ = {
			isa = PBXSourcesBuildPhase;
			buildActionMask = 2147483647;
			files = (
				6387787C1AD6E3F800364D6E /* LKSDKURLConnectionOperation.m in Sources */,
				633808331ADC6C8500E13A1B /* NSData+LKAES256.m in Sources */,
				6387787A1AD6E3F800364D6E /* LKSDKHTTPRequestOperation.m in Sources */,
				638778791AD6E3F800364D6E /* LKSDKHTTPClient.m in Sources */,
				638778871AD6E44400364D6E /* NSData+LKBase64.m in Sources */,
				6387787B1AD6E3F800364D6E /* LKSDKJSONRequestOperation.m in Sources */,
				638778861AD6E44400364D6E /* LKSDKCrypto.m in Sources */,
				6387788D1AD6EF6100364D6E /* LKAuthenticationManager.m in Sources */,
				638778801AD6E42100364D6E /* LKSDKAPIClient.m in Sources */,
			);
			runOnlyForDeploymentPostprocessing = 0;
		};
		6387785A1AD6E31F00364D6E /* Sources */ = {
			isa = PBXSourcesBuildPhase;
			buildActionMask = 2147483647;
			files = (
			);
			runOnlyForDeploymentPostprocessing = 0;
		};
/* End PBXSourcesBuildPhase section */

/* Begin PBXTargetDependency section */
		638778611AD6E31F00364D6E /* PBXTargetDependency */ = {
			isa = PBXTargetDependency;
			target = 638778521AD6E31F00364D6E /* LaunchKeySDK_ */;
			targetProxy = 638778601AD6E31F00364D6E /* PBXContainerItemProxy */;
		};
		638778941AD6F6DF00364D6E /* PBXTargetDependency */ = {
			isa = PBXTargetDependency;
			target = 638778521AD6E31F00364D6E /* LaunchKeySDK_ */;
			targetProxy = 638778931AD6F6DF00364D6E /* PBXContainerItemProxy */;
		};
/* End PBXTargetDependency section */

/* Begin XCBuildConfiguration section */
		3F7C593E1B8DCD55005E8BDC /* Debug */ = {
			isa = XCBuildConfiguration;
			buildSettings = {
				"CODE_SIGN_IDENTITY[sdk=iphoneos*]" = "iPhone Developer";
				CURRENT_PROJECT_VERSION = 1;
				DEBUG_INFORMATION_FORMAT = dwarf;
				DEFINES_MODULE = YES;
				DYLIB_COMPATIBILITY_VERSION = 1;
				DYLIB_CURRENT_VERSION = 1;
				DYLIB_INSTALL_NAME_BASE = "@rpath";
				ENABLE_TESTABILITY = YES;
				GCC_NO_COMMON_BLOCKS = YES;
				INFOPLIST_FILE = LaunchKeySDK/Info.plist;
				INSTALL_PATH = "$(LOCAL_LIBRARY_DIR)/Frameworks";
				IPHONEOS_DEPLOYMENT_TARGET = 9.0;
				LD_RUNPATH_SEARCH_PATHS = "$(inherited) @executable_path/Frameworks @loader_path/Frameworks";
				ONLY_ACTIVE_ARCH = NO;
				PRODUCT_BUNDLE_IDENTIFIER = com.tieto.LaunchKeySDK;
				PRODUCT_NAME = "$(TARGET_NAME)";
				SKIP_INSTALL = YES;
				TARGETED_DEVICE_FAMILY = "1,2";
				VERSIONING_SYSTEM = "apple-generic";
				VERSION_INFO_PREFIX = "";
			};
			name = Debug;
		};
		3F7C593F1B8DCD55005E8BDC /* Release */ = {
			isa = XCBuildConfiguration;
			buildSettings = {
				"CODE_SIGN_IDENTITY[sdk=iphoneos*]" = "iPhone Developer";
				CURRENT_PROJECT_VERSION = 1;
				DEBUG_INFORMATION_FORMAT = "dwarf-with-dsym";
				DEFINES_MODULE = YES;
				DYLIB_COMPATIBILITY_VERSION = 1;
				DYLIB_CURRENT_VERSION = 1;
				DYLIB_INSTALL_NAME_BASE = "@rpath";
				GCC_NO_COMMON_BLOCKS = YES;
				INFOPLIST_FILE = LaunchKeySDK/Info.plist;
				INSTALL_PATH = "$(LOCAL_LIBRARY_DIR)/Frameworks";
				IPHONEOS_DEPLOYMENT_TARGET = 9.0;
				LD_RUNPATH_SEARCH_PATHS = "$(inherited) @executable_path/Frameworks @loader_path/Frameworks";
				PRODUCT_BUNDLE_IDENTIFIER = com.tieto.LaunchKeySDK;
				PRODUCT_NAME = "$(TARGET_NAME)";
				SKIP_INSTALL = YES;
				TARGETED_DEVICE_FAMILY = "1,2";
				VERSIONING_SYSTEM = "apple-generic";
				VERSION_INFO_PREFIX = "";
			};
			name = Release;
		};
		638778651AD6E31F00364D6E /* Debug */ = {
			isa = XCBuildConfiguration;
			buildSettings = {
				ALWAYS_SEARCH_USER_PATHS = NO;
				CLANG_CXX_LANGUAGE_STANDARD = "gnu++0x";
				CLANG_CXX_LIBRARY = "libc++";
				CLANG_ENABLE_MODULES = YES;
				CLANG_ENABLE_OBJC_ARC = YES;
				CLANG_WARN_BOOL_CONVERSION = YES;
				CLANG_WARN_CONSTANT_CONVERSION = YES;
				CLANG_WARN_DIRECT_OBJC_ISA_USAGE = YES_ERROR;
				CLANG_WARN_EMPTY_BODY = YES;
				CLANG_WARN_ENUM_CONVERSION = YES;
				CLANG_WARN_INT_CONVERSION = YES;
				CLANG_WARN_OBJC_ROOT_CLASS = YES_ERROR;
				CLANG_WARN_UNREACHABLE_CODE = YES;
				CLANG_WARN__DUPLICATE_METHOD_MATCH = YES;
				CODE_SIGN_IDENTITY = "iPhone Developer";
				COPY_PHASE_STRIP = NO;
				ENABLE_STRICT_OBJC_MSGSEND = YES;
				GCC_C_LANGUAGE_STANDARD = gnu99;
				GCC_DYNAMIC_NO_PIC = NO;
				GCC_OPTIMIZATION_LEVEL = 0;
				GCC_PREPROCESSOR_DEFINITIONS = (
					"DEBUG=1",
					"$(inherited)",
				);
				GCC_SYMBOLS_PRIVATE_EXTERN = NO;
				GCC_WARN_64_TO_32_BIT_CONVERSION = YES;
				GCC_WARN_ABOUT_RETURN_TYPE = YES_ERROR;
				GCC_WARN_UNDECLARED_SELECTOR = YES;
				GCC_WARN_UNINITIALIZED_AUTOS = YES_AGGRESSIVE;
				GCC_WARN_UNUSED_FUNCTION = YES;
				GCC_WARN_UNUSED_VARIABLE = YES;
				IPHONEOS_DEPLOYMENT_TARGET = 6.1;
				MTL_ENABLE_DEBUG_INFO = YES;
				ONLY_ACTIVE_ARCH = YES;
				SDKROOT = iphoneos;
			};
			name = Debug;
		};
		638778661AD6E31F00364D6E /* Release */ = {
			isa = XCBuildConfiguration;
			buildSettings = {
				ALWAYS_SEARCH_USER_PATHS = NO;
				CLANG_CXX_LANGUAGE_STANDARD = "gnu++0x";
				CLANG_CXX_LIBRARY = "libc++";
				CLANG_ENABLE_MODULES = YES;
				CLANG_ENABLE_OBJC_ARC = YES;
				CLANG_WARN_BOOL_CONVERSION = YES;
				CLANG_WARN_CONSTANT_CONVERSION = YES;
				CLANG_WARN_DIRECT_OBJC_ISA_USAGE = YES_ERROR;
				CLANG_WARN_EMPTY_BODY = YES;
				CLANG_WARN_ENUM_CONVERSION = YES;
				CLANG_WARN_INT_CONVERSION = YES;
				CLANG_WARN_OBJC_ROOT_CLASS = YES_ERROR;
				CLANG_WARN_UNREACHABLE_CODE = YES;
				CLANG_WARN__DUPLICATE_METHOD_MATCH = YES;
				CODE_SIGN_IDENTITY = "iPhone Developer";
				COPY_PHASE_STRIP = NO;
				ENABLE_NS_ASSERTIONS = NO;
				ENABLE_STRICT_OBJC_MSGSEND = YES;
				GCC_C_LANGUAGE_STANDARD = gnu99;
				GCC_WARN_64_TO_32_BIT_CONVERSION = YES;
				GCC_WARN_ABOUT_RETURN_TYPE = YES_ERROR;
				GCC_WARN_UNDECLARED_SELECTOR = YES;
				GCC_WARN_UNINITIALIZED_AUTOS = YES_AGGRESSIVE;
				GCC_WARN_UNUSED_FUNCTION = YES;
				GCC_WARN_UNUSED_VARIABLE = YES;
				IPHONEOS_DEPLOYMENT_TARGET = 6.1;
				MTL_ENABLE_DEBUG_INFO = NO;
				SDKROOT = iphoneos;
				VALIDATE_PRODUCT = YES;
			};
			name = Release;
		};
		638778681AD6E31F00364D6E /* Debug */ = {
			isa = XCBuildConfiguration;
			buildSettings = {
				CODE_SIGN_IDENTITY = "iPhone Developer";
				DEAD_CODE_STRIPPING = NO;
				OTHER_LDFLAGS = (
					"-ObjC",
					"-all_load",
				);
				PRODUCT_NAME = "$(TARGET_NAME)";
				PUBLIC_HEADERS_FOLDER_PATH = "/usr/local/include/${PROJECT_NAME}";
				SKIP_INSTALL = YES;
				STRIP_STYLE = "non-global";
			};
			name = Debug;
		};
		638778691AD6E31F00364D6E /* Release */ = {
			isa = XCBuildConfiguration;
			buildSettings = {
				CODE_SIGN_IDENTITY = "iPhone Developer";
				DEAD_CODE_STRIPPING = NO;
				OTHER_LDFLAGS = (
					"-ObjC",
					"-all_load",
				);
				PRODUCT_NAME = "$(TARGET_NAME)";
				PUBLIC_HEADERS_FOLDER_PATH = "/usr/local/include/${PROJECT_NAME}";
				SKIP_INSTALL = YES;
				STRIP_STYLE = "non-global";
			};
			name = Release;
		};
		6387786B1AD6E31F00364D6E /* Debug */ = {
			isa = XCBuildConfiguration;
			buildSettings = {
				CODE_SIGN_IDENTITY = "iPhone Developer";
				FRAMEWORK_SEARCH_PATHS = (
					"$(SDKROOT)/Developer/Library/Frameworks",
					"$(inherited)",
				);
				GCC_PREPROCESSOR_DEFINITIONS = (
					"DEBUG=1",
					"$(inherited)",
				);
				INFOPLIST_FILE = LaunchKeySDKTests/Info.plist;
				LD_RUNPATH_SEARCH_PATHS = "$(inherited) @executable_path/Frameworks @loader_path/Frameworks";
				PRODUCT_NAME = "$(TARGET_NAME)";
			};
			name = Debug;
		};
		6387786C1AD6E31F00364D6E /* Release */ = {
			isa = XCBuildConfiguration;
			buildSettings = {
				CODE_SIGN_IDENTITY = "iPhone Developer";
				FRAMEWORK_SEARCH_PATHS = (
					"$(SDKROOT)/Developer/Library/Frameworks",
					"$(inherited)",
				);
				INFOPLIST_FILE = LaunchKeySDKTests/Info.plist;
				LD_RUNPATH_SEARCH_PATHS = "$(inherited) @executable_path/Frameworks @loader_path/Frameworks";
				PRODUCT_NAME = "$(TARGET_NAME)";
			};
			name = Release;
		};
		638778911AD6F6CE00364D6E /* Debug */ = {
			isa = XCBuildConfiguration;
			buildSettings = {
				PRODUCT_NAME = "$(TARGET_NAME)";
			};
			name = Debug;
		};
		638778921AD6F6CE00364D6E /* Release */ = {
			isa = XCBuildConfiguration;
			buildSettings = {
				PRODUCT_NAME = "$(TARGET_NAME)";
			};
			name = Release;
		};
/* End XCBuildConfiguration section */

/* Begin XCConfigurationList section */
		3F7C593D1B8DCD55005E8BDC /* Build configuration list for PBXNativeTarget "LaunchKeySDK" */ = {
			isa = XCConfigurationList;
			buildConfigurations = (
				3F7C593E1B8DCD55005E8BDC /* Debug */,
				3F7C593F1B8DCD55005E8BDC /* Release */,
			);
			defaultConfigurationIsVisible = 0;
			defaultConfigurationName = Release;
		};
		6387784E1AD6E31F00364D6E /* Build configuration list for PBXProject "LaunchKeySDK" */ = {
			isa = XCConfigurationList;
			buildConfigurations = (
				638778651AD6E31F00364D6E /* Debug */,
				638778661AD6E31F00364D6E /* Release */,
			);
			defaultConfigurationIsVisible = 0;
			defaultConfigurationName = Release;
		};
		638778671AD6E31F00364D6E /* Build configuration list for PBXNativeTarget "LaunchKeySDK_" */ = {
			isa = XCConfigurationList;
			buildConfigurations = (
				638778681AD6E31F00364D6E /* Debug */,
				638778691AD6E31F00364D6E /* Release */,
			);
			defaultConfigurationIsVisible = 0;
			defaultConfigurationName = Release;
		};
		6387786A1AD6E31F00364D6E /* Build configuration list for PBXNativeTarget "LaunchKeySDKTests" */ = {
			isa = XCConfigurationList;
			buildConfigurations = (
				6387786B1AD6E31F00364D6E /* Debug */,
				6387786C1AD6E31F00364D6E /* Release */,
			);
			defaultConfigurationIsVisible = 0;
			defaultConfigurationName = Release;
		};
		638778901AD6F6CE00364D6E /* Build configuration list for PBXAggregateTarget "LaunchKeySDKFramework" */ = {
			isa = XCConfigurationList;
			buildConfigurations = (
				638778911AD6F6CE00364D6E /* Debug */,
				638778921AD6F6CE00364D6E /* Release */,
			);
			defaultConfigurationIsVisible = 0;
			defaultConfigurationName = Release;
		};
/* End XCConfigurationList section */
	};
	rootObject = 6387784B1AD6E31F00364D6E /* Project object */;
}
